
Microsoft Visual Studio Solution File, Format Version 12.00
# Visual Studio Version 16
VisualStudioVersion = 16.0.30717.126
MinimumVisualStudioVersion = 10.0.40219.1
Project("{9A19103F-16F7-4668-BE54-9A1E7A4F7556}") = "HAPCTracker", "HAPCTracker\HAPCTracker.csproj", "{0C85DA10-1B2C-4EE5-9782-78CAF0886523}"
EndProject
Project("{FAE04EC0-301F-11D3-BF4B-00C04F79EFBC}") = "HomeAssistant.Mqtt", "HomeAssistant.Mqtt\HomeAssistant.Mqtt.csproj", "{8EF8400D-5E27-437C-911F-31A88356C788}"
EndProject
Global
	GlobalSection(SolutionConfigurationPlatforms) = preSolution
		Debug|Any CPU = Debug|Any CPU
		Release|Any CPU = Release|Any CPU
	EndGlobalSection
	GlobalSection(ProjectConfigurationPlatforms) = postSolution
		{0C85DA10-1B2C-4EE5-9782-78CAF0886523}.Debug|Any CPU.ActiveCfg = Debug|Any CPU
		{0C85DA10-1B2C-4EE5-9782-78CAF0886523}.Debug|Any CPU.Build.0 = Debug|Any CPU
		{0C85DA10-1B2C-4EE5-9782-78CAF0886523}.Release|Any CPU.ActiveCfg = Release|Any CPU
		{0C85DA10-1B2C-4EE5-9782-78CAF0886523}.Release|Any CPU.Build.0 = Release|Any CPU
		{8EF8400D-5E27-437C-911F-31A88356C788}.Debug|Any CPU.ActiveCfg = Debug|Any CPU
		{8EF8400D-5E27-437C-911F-31A88356C788}.Debug|Any CPU.Build.0 = Debug|Any CPU
		{8EF8400D-5E27-437C-911F-31A88356C788}.Release|Any CPU.ActiveCfg = Release|Any CPU
		{8EF8400D-5E27-437C-911F-31A88356C788}.Release|Any CPU.Build.0 = Release|Any CPU
	EndGlobalSection
	GlobalSection(SolutionProperties) = preSolution
		HideSolutionNode = FALSE
	EndGlobalSection
	GlobalSection(ExtensibilityGlobals) = postSolution
		SolutionGuid = {16B28939-87F0-4D9A-9171-2644C416D11B}
	EndGlobalSection
EndGlobal
